// !$*UTF8*$!
{
	archiveVersion = 1;
	classes = {
	};
	objectVersion = 55;
	objects = {

/* Begin PBXBuildFile section */
		2911A1982AAB6C8C0034BC36 /* CardsViewModel.swift in Sources */ = {isa = PBXBuildFile; fileRef = 2911A1972AAB6C8C0034BC36 /* CardsViewModel.swift */; };
		2911A19D2AAB70AA0034BC36 /* CustomModifiers.swift in Sources */ = {isa = PBXBuildFile; fileRef = 2911A19C2AAB70AA0034BC36 /* CustomModifiers.swift */; };
		293D67B629C0623900AE4564 /* EditView.swift in Sources */ = {isa = PBXBuildFile; fileRef = 293D67B529C0623900AE4564 /* EditView.swift */; };
		299376D329BA3A5600AEDB61 /* FlashZillaAppApp.swift in Sources */ = {isa = PBXBuildFile; fileRef = 299376D229BA3A5600AEDB61 /* FlashZillaAppApp.swift */; };
		299376D529BA3A5600AEDB61 /* ContentView.swift in Sources */ = {isa = PBXBuildFile; fileRef = 299376D429BA3A5600AEDB61 /* ContentView.swift */; };
		299376D729BA3A5700AEDB61 /* Assets.xcassets in Resources */ = {isa = PBXBuildFile; fileRef = 299376D629BA3A5700AEDB61 /* Assets.xcassets */; };
		299376DA29BA3A5700AEDB61 /* Preview Assets.xcassets in Resources */ = {isa = PBXBuildFile; fileRef = 299376D929BA3A5700AEDB61 /* Preview Assets.xcassets */; };
		299376E129BA3C6B00AEDB61 /* Card.swift in Sources */ = {isa = PBXBuildFile; fileRef = 299376E029BA3C6B00AEDB61 /* Card.swift */; };
		299376E329BA3D7000AEDB61 /* CardView.swift in Sources */ = {isa = PBXBuildFile; fileRef = 299376E229BA3D7000AEDB61 /* CardView.swift */; };
/* End PBXBuildFile section */

/* Begin PBXFileReference section */
		2911A1972AAB6C8C0034BC36 /* CardsViewModel.swift */ = {isa = PBXFileReference; lastKnownFileType = sourcecode.swift; path = CardsViewModel.swift; sourceTree = "<group>"; };
		2911A19C2AAB70AA0034BC36 /* CustomModifiers.swift */ = {isa = PBXFileReference; lastKnownFileType = sourcecode.swift; path = CustomModifiers.swift; sourceTree = "<group>"; };
		293D67B529C0623900AE4564 /* EditView.swift */ = {isa = PBXFileReference; lastKnownFileType = sourcecode.swift; path = EditView.swift; sourceTree = "<group>"; };
		299376CF29BA3A5600AEDB61 /* FlashZillaApp.app */ = {isa = PBXFileReference; explicitFileType = wrapper.application; includeInIndex = 0; path = FlashZillaApp.app; sourceTree = BUILT_PRODUCTS_DIR; };
		299376D229BA3A5600AEDB61 /* FlashZillaAppApp.swift */ = {isa = PBXFileReference; lastKnownFileType = sourcecode.swift; path = FlashZillaAppApp.swift; sourceTree = "<group>"; };
		299376D429BA3A5600AEDB61 /* ContentView.swift */ = {isa = PBXFileReference; lastKnownFileType = sourcecode.swift; path = ContentView.swift; sourceTree = "<group>"; };
		299376D629BA3A5700AEDB61 /* Assets.xcassets */ = {isa = PBXFileReference; lastKnownFileType = folder.assetcatalog; path = Assets.xcassets; sourceTree = "<group>"; };
		299376D929BA3A5700AEDB61 /* Preview Assets.xcassets */ = {isa = PBXFileReference; lastKnownFileType = folder.assetcatalog; path = "Preview Assets.xcassets"; sourceTree = "<group>"; };
		299376E029BA3C6B00AEDB61 /* Card.swift */ = {isa = PBXFileReference; lastKnownFileType = sourcecode.swift; path = Card.swift; sourceTree = "<group>"; };
		299376E229BA3D7000AEDB61 /* CardView.swift */ = {isa = PBXFileReference; lastKnownFileType = sourcecode.swift; path = CardView.swift; sourceTree = "<group>"; };
/* End PBXFileReference section */

/* Begin PBXFrameworksBuildPhase section */
		299376CC29BA3A5600AEDB61 /* Frameworks */ = {
			isa = PBXFrameworksBuildPhase;
			buildActionMask = 2147483647;
			files = (
			);
			runOnlyForDeploymentPostprocessing = 0;
		};
/* End PBXFrameworksBuildPhase section */

/* Begin PBXGroup section */
		2911A1952AAB6C5D0034BC36 /* Source */ = {
			isa = PBXGroup;
			children = (
				2911A19B2AAB70880034BC36 /* Helpers */,
				2911A1962AAB6C6B0034BC36 /* ViewModel */,
				2911A19A2AAB6CBD0034BC36 /* Views */,
				2911A1992AAB6CAF0034BC36 /* Model */,
			);
			path = Source;
			sourceTree = "<group>";
		};
		2911A1962AAB6C6B0034BC36 /* ViewModel */ = {
			isa = PBXGroup;
			children = (
				2911A1972AAB6C8C0034BC36 /* CardsViewModel.swift */,
			);
			path = ViewModel;
			sourceTree = "<group>";
		};
		2911A1992AAB6CAF0034BC36 /* Model */ = {
			isa = PBXGroup;
			children = (
				299376E029BA3C6B00AEDB61 /* Card.swift */,
			);
			path = Model;
			sourceTree = "<group>";
		};
		2911A19A2AAB6CBD0034BC36 /* Views */ = {
			isa = PBXGroup;
			children = (
				299376E229BA3D7000AEDB61 /* CardView.swift */,
				299376D429BA3A5600AEDB61 /* ContentView.swift */,
				293D67B529C0623900AE4564 /* EditView.swift */,
			);
			path = Views;
			sourceTree = "<group>";
		};
		2911A19B2AAB70880034BC36 /* Helpers */ = {
			isa = PBXGroup;
			children = (
				2911A19C2AAB70AA0034BC36 /* CustomModifiers.swift */,
			);
			path = Helpers;
			sourceTree = "<group>";
		};
		299376C629BA3A5600AEDB61 = {
			isa = PBXGroup;
			children = (
				299376D129BA3A5600AEDB61 /* FlashZillaApp */,
				299376D029BA3A5600AEDB61 /* Products */,
			);
			sourceTree = "<group>";
		};
		299376D029BA3A5600AEDB61 /* Products */ = {
			isa = PBXGroup;
			children = (
				299376CF29BA3A5600AEDB61 /* FlashZillaApp.app */,
			);
			name = Products;
			sourceTree = "<group>";
		};
		299376D129BA3A5600AEDB61 /* FlashZillaApp */ = {
			isa = PBXGroup;
			children = (
				299376D229BA3A5600AEDB61 /* FlashZillaAppApp.swift */,
				2911A1952AAB6C5D0034BC36 /* Source */,
				299376D629BA3A5700AEDB61 /* Assets.xcassets */,
				299376D829BA3A5700AEDB61 /* Preview Content */,
			);
			path = FlashZillaApp;
			sourceTree = "<group>";
		};
		299376D829BA3A5700AEDB61 /* Preview Content */ = {
			isa = PBXGroup;
			children = (
				299376D929BA3A5700AEDB61 /* Preview Assets.xcassets */,
			);
			path = "Preview Content";
			sourceTree = "<group>";
		};
/* End PBXGroup section */

/* Begin PBXNativeTarget section */
		299376CE29BA3A5600AEDB61 /* FlashZillaApp */ = {
			isa = PBXNativeTarget;
			buildConfigurationList = 299376DD29BA3A5700AEDB61 /* Build configuration list for PBXNativeTarget "FlashZillaApp" */;
			buildPhases = (
				299376CB29BA3A5600AEDB61 /* Sources */,
				299376CC29BA3A5600AEDB61 /* Frameworks */,
				299376CD29BA3A5600AEDB61 /* Resources */,
			);
			buildRules = (
			);
			dependencies = (
			);
			name = FlashZillaApp;
			productName = FlashZillaApp;
			productReference = 299376CF29BA3A5600AEDB61 /* FlashZillaApp.app */;
			productType = "com.apple.product-type.application";
		};
/* End PBXNativeTarget section */

/* Begin PBXProject section */
		299376C729BA3A5600AEDB61 /* Project object */ = {
			isa = PBXProject;
			attributes = {
				BuildIndependentTargetsInParallel = 1;
				LastSwiftUpdateCheck = 1340;
				LastUpgradeCheck = 1340;
				TargetAttributes = {
					299376CE29BA3A5600AEDB61 = {
						CreatedOnToolsVersion = 13.4.1;
					};
				};
			};
			buildConfigurationList = 299376CA29BA3A5600AEDB61 /* Build configuration list for PBXProject "FlashZillaApp" */;
			compatibilityVersion = "Xcode 13.0";
			developmentRegion = en;
			hasScannedForEncodings = 0;
			knownRegions = (
				en,
				Base,
			);
			mainGroup = 299376C629BA3A5600AEDB61;
			productRefGroup = 299376D029BA3A5600AEDB61 /* Products */;
			projectDirPath = "";
			projectRoot = "";
			targets = (
				299376CE29BA3A5600AEDB61 /* FlashZillaApp */,
			);
		};
/* End PBXProject section */

/* Begin PBXResourcesBuildPhase section */
		299376CD29BA3A5600AEDB61 /* Resources */ = {
			isa = PBXResourcesBuildPhase;
			buildActionMask = 2147483647;
			files = (
				299376DA29BA3A5700AEDB61 /* Preview Assets.xcassets in Resources */,
				299376D729BA3A5700AEDB61 /* Assets.xcassets in Resources */,
			);
			runOnlyForDeploymentPostprocessing = 0;
		};
/* End PBXResourcesBuildPhase section */

/* Begin PBXSourcesBuildPhase section */
		299376CB29BA3A5600AEDB61 /* Sources */ = {
			isa = PBXSourcesBuildPhase;
			buildActionMask = 2147483647;
			files = (
				299376D529BA3A5600AEDB61 /* ContentView.swift in Sources */,
				293D67B629C0623900AE4564 /* EditView.swift in Sources */,
				2911A1982AAB6C8C0034BC36 /* CardsViewModel.swift in Sources */,
				299376E129BA3C6B00AEDB61 /* Card.swift in Sources */,
				299376E329BA3D7000AEDB61 /* CardView.swift in Sources */,
				2911A19D2AAB70AA0034BC36 /* CustomModifiers.swift in Sources */,
				299376D329BA3A5600AEDB61 /* FlashZillaAppApp.swift in Sources */,
			);
			runOnlyForDeploymentPostprocessing = 0;
		};
/* End PBXSourcesBuildPhase section */

/* Begin XCBuildConfiguration section */
		299376DB29BA3A5700AEDB61 /* Debug */ = {
			isa = XCBuildConfiguration;
			buildSettings = {
				ALWAYS_SEARCH_USER_PATHS = NO;
				CLANG_ANALYZER_NONNULL = YES;
				CLANG_ANALYZER_NUMBER_OBJECT_CONVERSION = YES_AGGRESSIVE;
				CLANG_CXX_LANGUAGE_STANDARD = "gnu++17";
				CLANG_ENABLE_MODULES = YES;
				CLANG_ENABLE_OBJC_ARC = YES;
				CLANG_ENABLE_OBJC_WEAK = YES;
				CLANG_WARN_BLOCK_CAPTURE_AUTORELEASING = YES;
				CLANG_WARN_BOOL_CONVERSION = YES;
				CLANG_WARN_COMMA = YES;
				CLANG_WARN_CONSTANT_CONVERSION = YES;
				CLANG_WARN_DEPRECATED_OBJC_IMPLEMENTATIONS = YES;
				CLANG_WARN_DIRECT_OBJC_ISA_USAGE = YES_ERROR;
				CLANG_WARN_DOCUMENTATION_COMMENTS = YES;
				CLANG_WARN_EMPTY_BODY = YES;
				CLANG_WARN_ENUM_CONVERSION = YES;
				CLANG_WARN_INFINITE_RECURSION = YES;
				CLANG_WARN_INT_CONVERSION = YES;
				CLANG_WARN_NON_LITERAL_NULL_CONVERSION = YES;
				CLANG_WARN_OBJC_IMPLICIT_RETAIN_SELF = YES;
				CLANG_WARN_OBJC_LITERAL_CONVERSION = YES;
				CLANG_WARN_OBJC_ROOT_CLASS = YES_ERROR;
				CLANG_WARN_QUOTED_INCLUDE_IN_FRAMEWORK_HEADER = YES;
				CLANG_WARN_RANGE_LOOP_ANALYSIS = YES;
				CLANG_WARN_STRICT_PROTOTYPES = YES;
				CLANG_WARN_SUSPICIOUS_MOVE = YES;
				CLANG_WARN_UNGUARDED_AVAILABILITY = YES_AGGRESSIVE;
				CLANG_WARN_UNREACHABLE_CODE = YES;
				CLANG_WARN__DUPLICATE_METHOD_MATCH = YES;
				COPY_PHASE_STRIP = NO;
				DEBUG_INFORMATION_FORMAT = dwarf;
				ENABLE_STRICT_OBJC_MSGSEND = YES;
				ENABLE_TESTABILITY = YES;
				GCC_C_LANGUAGE_STANDARD = gnu11;
				GCC_DYNAMIC_NO_PIC = NO;
				GCC_NO_COMMON_BLOCKS = YES;
				GCC_OPTIMIZATION_LEVEL = 0;
				GCC_PREPROCESSOR_DEFINITIONS = (
					"DEBUG=1",
					"$(inherited)",
				);
				GCC_WARN_64_TO_32_BIT_CONVERSION = YES;
				GCC_WARN_ABOUT_RETURN_TYPE = YES_ERROR;
				GCC_WARN_UNDECLARED_SELECTOR = YES;
				GCC_WARN_UNINITIALIZED_AUTOS = YES_AGGRESSIVE;
				GCC_WARN_UNUSED_FUNCTION = YES;
				GCC_WARN_UNUSED_VARIABLE = YES;
				IPHONEOS_DEPLOYMENT_TARGET = 15.5;
				MTL_ENABLE_DEBUG_INFO = INCLUDE_SOURCE;
				MTL_FAST_MATH = YES;
				ONLY_ACTIVE_ARCH = YES;
				SDKROOT = iphoneos;
				SWIFT_ACTIVE_COMPILATION_CONDITIONS = DEBUG;
				SWIFT_OPTIMIZATION_LEVEL = "-Onone";
			};
			name = Debug;
		};
		299376DC29BA3A5700AEDB61 /* Release */ = {
			isa = XCBuildConfiguration;
			buildSettings = {
				ALWAYS_SEARCH_USER_PATHS = NO;
				CLANG_ANALYZER_NONNULL = YES;
				CLANG_ANALYZER_NUMBER_OBJECT_CONVERSION = YES_AGGRESSIVE;
				CLANG_CXX_LANGUAGE_STANDARD = "gnu++17";
				CLANG_ENABLE_MODULES = YES;
				CLANG_ENABLE_OBJC_ARC = YES;
				CLANG_ENABLE_OBJC_WEAK = YES;
				CLANG_WARN_BLOCK_CAPTURE_AUTORELEASING = YES;
				CLANG_WARN_BOOL_CONVERSION = YES;
				CLANG_WARN_COMMA = YES;
				CLANG_WARN_CONSTANT_CONVERSION = YES;
				CLANG_WARN_DEPRECATED_OBJC_IMPLEMENTATIONS = YES;
				CLANG_WARN_DIRECT_OBJC_ISA_USAGE = YES_ERROR;
				CLANG_WARN_DOCUMENTATION_COMMENTS = YES;
				CLANG_WARN_EMPTY_BODY = YES;
				CLANG_WARN_ENUM_CONVERSION = YES;
				CLANG_WARN_INFINITE_RECURSION = YES;
				CLANG_WARN_INT_CONVERSION = YES;
				CLANG_WARN_NON_LITERAL_NULL_CONVERSION = YES;
				CLANG_WARN_OBJC_IMPLICIT_RETAIN_SELF = YES;
				CLANG_WARN_OBJC_LITERAL_CONVERSION = YES;
				CLANG_WARN_OBJC_ROOT_CLASS = YES_ERROR;
				CLANG_WARN_QUOTED_INCLUDE_IN_FRAMEWORK_HEADER = YES;
				CLANG_WARN_RANGE_LOOP_ANALYSIS = YES;
				CLANG_WARN_STRICT_PROTOTYPES = YES;
				CLANG_WARN_SUSPICIOUS_MOVE = YES;
				CLANG_WARN_UNGUARDED_AVAILABILITY = YES_AGGRESSIVE;
				CLANG_WARN_UNREACHABLE_CODE = YES;
				CLANG_WARN__DUPLICATE_METHOD_MATCH = YES;
				COPY_PHASE_STRIP = NO;
				DEBUG_INFORMATION_FORMAT = "dwarf-with-dsym";
				ENABLE_NS_ASSERTIONS = NO;
				ENABLE_STRICT_OBJC_MSGSEND = YES;
				GCC_C_LANGUAGE_STANDARD = gnu11;
				GCC_NO_COMMON_BLOCKS = YES;
				GCC_WARN_64_TO_32_BIT_CONVERSION = YES;
				GCC_WARN_ABOUT_RETURN_TYPE = YES_ERROR;
				GCC_WARN_UNDECLARED_SELECTOR = YES;
				GCC_WARN_UNINITIALIZED_AUTOS = YES_AGGRESSIVE;
				GCC_WARN_UNUSED_FUNCTION = YES;
				GCC_WARN_UNUSED_VARIABLE = YES;
				IPHONEOS_DEPLOYMENT_TARGET = 15.5;
				MTL_ENABLE_DEBUG_INFO = NO;
				MTL_FAST_MATH = YES;
				SDKROOT = iphoneos;
				SWIFT_COMPILATION_MODE = wholemodule;
				SWIFT_OPTIMIZATION_LEVEL = "-O";
				VALIDATE_PRODUCT = YES;
			};
			name = Release;
		};
		299376DE29BA3A5700AEDB61 /* Debug */ = {
			isa = XCBuildConfiguration;
			buildSettings = {
				ASSETCATALOG_COMPILER_APPICON_NAME = AppIcon;
				ASSETCATALOG_COMPILER_GLOBAL_ACCENT_COLOR_NAME = AccentColor;
				CODE_SIGN_STYLE = Automatic;
				CURRENT_PROJECT_VERSION = 1;
				DEVELOPMENT_ASSET_PATHS = "\"FlashZillaApp/Preview Content\"";
				DEVELOPMENT_TEAM = 4SB478VTY8;
				ENABLE_PREVIEWS = YES;
				GENERATE_INFOPLIST_FILE = YES;
				INFOPLIST_KEY_UIApplicationSceneManifest_Generation = YES;
				INFOPLIST_KEY_UIApplicationSupportsIndirectInputEvents = YES;
				INFOPLIST_KEY_UILaunchScreen_Generation = YES;
				INFOPLIST_KEY_UISupportedInterfaceOrientations_iPad = "UIInterfaceOrientationPortrait UIInterfaceOrientationPortraitUpsideDown UIInterfaceOrientationLandscapeLeft UIInterfaceOrientationLandscapeRight";
				INFOPLIST_KEY_UISupportedInterfaceOrientations_iPhone = "UIInterfaceOrientationLandscapeLeft UIInterfaceOrientationLandscapeRight";
				LD_RUNPATH_SEARCH_PATHS = (
					"$(inherited)",
					"@executable_path/Frameworks",
				);
				MARKETING_VERSION = 1.0;
				PRODUCT_BUNDLE_IDENTIFIER = com.wema.FlashZillaApp;
				PRODUCT_NAME = "$(TARGET_NAME)";
				SWIFT_EMIT_LOC_STRINGS = YES;
				SWIFT_VERSION = 5.0;
				TARGETED_DEVICE_FAMILY = "1,2";
			};
			name = Debug;
		};
		299376DF29BA3A5700AEDB61 /* Release */ = {
			isa = XCBuildConfiguration;
			buildSettings = {
				ASSETCATALOG_COMPILER_APPICON_NAME = AppIcon;
				ASSETCATALOG_COMPILER_GLOBAL_ACCENT_COLOR_NAME = AccentColor;
				CODE_SIGN_STYLE = Automatic;
				CURRENT_PROJECT_VERSION = 1;
				DEVELOPMENT_ASSET_PATHS = "\"FlashZillaApp/Preview Content\"";
				DEVELOPMENT_TEAM = 4SB478VTY8;
				ENABLE_PREVIEWS = YES;
				GENERATE_INFOPLIST_FILE = YES;
				INFOPLIST_KEY_UIApplicationSceneManifest_Generation = YES;
				INFOPLIST_KEY_UIApplicationSupportsIndirectInputEvents = YES;
				INFOPLIST_KEY_UILaunchScreen_Generation = YES;
				INFOPLIST_KEY_UISupportedInterfaceOrientations_iPad = "UIInterfaceOrientationPortrait UIInterfaceOrientationPortraitUpsideDown UIInterfaceOrientationLandscapeLeft UIInterfaceOrientationLandscapeRight";
				INFOPLIST_KEY_UISupportedInterfaceOrientations_iPhone = "UIInterfaceOrientationLandscapeLeft UIInterfaceOrientationLandscapeRight";
				LD_RUNPATH_SEARCH_PATHS = (
					"$(inherited)",
					"@executable_path/Frameworks",
				);
				MARKETING_VERSION = 1.0;
				PRODUCT_BUNDLE_IDENTIFIER = com.wema.FlashZillaApp;
				PRODUCT_NAME = "$(TARGET_NAME)";
				SWIFT_EMIT_LOC_STRINGS = YES;
				SWIFT_VERSION = 5.0;
				TARGETED_DEVICE_FAMILY = "1,2";
			};
			name = Release;
		};
/* End XCBuildConfiguration section */

/* Begin XCConfigurationList section */
		299376CA29BA3A5600AEDB61 /* Build configuration list for PBXProject "FlashZillaApp" */ = {
			isa = XCConfigurationList;
			buildConfigurations = (
				299376DB29BA3A5700AEDB61 /* Debug */,
				299376DC29BA3A5700AEDB61 /* Release */,
			);
			defaultConfigurationIsVisible = 0;
			defaultConfigurationName = Release;
		};
		299376DD29BA3A5700AEDB61 /* Build configuration list for PBXNativeTarget "FlashZillaApp" */ = {
			isa = XCConfigurationList;
			buildConfigurations = (
				299376DE29BA3A5700AEDB61 /* Debug */,
				299376DF29BA3A5700AEDB61 /* Release */,
			);
			defaultConfigurationIsVisible = 0;
			defaultConfigurationName = Release;
		};
/* End XCConfigurationList section */
	};
	rootObject = 299376C729BA3A5600AEDB61 /* Project object */;
}
